
Microsoft Visual Studio Solution File, Format Version 12.00
# Visual Studio Version 16
VisualStudioVersion = 16.0.31105.61
MinimumVisualStudioVersion = 10.0.40219.1
Project("{FAE04EC0-301F-11D3-BF4B-00C04F79EFBC}") = "AdasVetelServer", "AdasVetelServer\AdasVetelServer.csproj", "{23CB0CBA-E726-48D0-B67A-BF2688D9463B}"
EndProject
Global
	GlobalSection(SolutionConfigurationPlatforms) = preSolution
		Debug|Any CPU = Debug|Any CPU
		Release|Any CPU = Release|Any CPU
	EndGlobalSection
	GlobalSection(ProjectConfigurationPlatforms) = postSolution
		{23CB0CBA-E726-48D0-B67A-BF2688D9463B}.Debug|Any CPU.ActiveCfg = Debug|Any CPU
		{23CB0CBA-E726-48D0-B67A-BF2688D9463B}.Debug|Any CPU.Build.0 = Debug|Any CPU
		{23CB0CBA-E726-48D0-B67A-BF2688D9463B}.Release|Any CPU.ActiveCfg = Release|Any CPU
		{23CB0CBA-E726-48D0-B67A-BF2688D9463B}.Release|Any CPU.Build.0 = Release|Any CPU
	EndGlobalSection
	GlobalSection(SolutionProperties) = preSolution
		HideSolutionNode = FALSE
	EndGlobalSection
	GlobalSection(ExtensibilityGlobals) = postSolution
		SolutionGuid = {6A591B67-1E1B-4873-8EC7-D293AB7B50FD}
	EndGlobalSection
EndGlobal
